// !$*UTF8*$!
{
	archiveVersion = 1;
	classes = {
	};
	objectVersion = 56;
	objects = {

/* Begin PBXBuildFile section */
		DE92A0752AA3A32C007A7E46 /* AppDelegate.swift in Sources */ = {isa = PBXBuildFile; fileRef = DE92A0742AA3A32C007A7E46 /* AppDelegate.swift */; };
		DE92A0772AA3A32C007A7E46 /* SceneDelegate.swift in Sources */ = {isa = PBXBuildFile; fileRef = DE92A0762AA3A32C007A7E46 /* SceneDelegate.swift */; };
		DE92A0792AA3A32C007A7E46 /* HomeViewController.swift in Sources */ = {isa = PBXBuildFile; fileRef = DE92A0782AA3A32C007A7E46 /* HomeViewController.swift */; };
		DE92A07E2AA3A32D007A7E46 /* Assets.xcassets in Resources */ = {isa = PBXBuildFile; fileRef = DE92A07D2AA3A32D007A7E46 /* Assets.xcassets */; };
		DE92A0812AA3A32D007A7E46 /* LaunchScreen.storyboard in Resources */ = {isa = PBXBuildFile; fileRef = DE92A07F2AA3A32D007A7E46 /* LaunchScreen.storyboard */; };
		DE92A08E2AA8D99B007A7E46 /* HomeView.swift in Sources */ = {isa = PBXBuildFile; fileRef = DE92A08D2AA8D99B007A7E46 /* HomeView.swift */; };
		DE92A0932AA8F8DD007A7E46 /* BreeSerif-Regular.ttf in Resources */ = {isa = PBXBuildFile; fileRef = DE92A0922AA8F8DD007A7E46 /* BreeSerif-Regular.ttf */; };
		DE92A0952AA8F8EF007A7E46 /* Kanit-Regular.ttf in Resources */ = {isa = PBXBuildFile; fileRef = DE92A0942AA8F8EF007A7E46 /* Kanit-Regular.ttf */; };
		DE92A09C2AAA0D7C007A7E46 /* FilterViewController.swift in Sources */ = {isa = PBXBuildFile; fileRef = DE92A09B2AAA0D7C007A7E46 /* FilterViewController.swift */; };
		DE92A09E2AAA15EB007A7E46 /* FilterView.swift in Sources */ = {isa = PBXBuildFile; fileRef = DE92A09D2AAA15EB007A7E46 /* FilterView.swift */; };
		DE92A0A12AAA373F007A7E46 /* Colors.swift in Sources */ = {isa = PBXBuildFile; fileRef = DE92A0A02AAA373F007A7E46 /* Colors.swift */; };
		DE92A0A42AAA396E007A7E46 /* Fonts.swift in Sources */ = {isa = PBXBuildFile; fileRef = DE92A0A32AAA396E007A7E46 /* Fonts.swift */; };
		DE92A0B72AAA7140007A7E46 /* MovieAPI.swift in Sources */ = {isa = PBXBuildFile; fileRef = DE92A0B62AAA7140007A7E46 /* MovieAPI.swift */; };
		DE92A0C12AAB7520007A7E46 /* GenreCollectionViewCell.swift in Sources */ = {isa = PBXBuildFile; fileRef = DE92A0C02AAB7520007A7E46 /* GenreCollectionViewCell.swift */; };
		DE92A0C32AAB7529007A7E46 /* GenreView.swift in Sources */ = {isa = PBXBuildFile; fileRef = DE92A0C22AAB7529007A7E46 /* GenreView.swift */; };
		DE92A0C62AAB7618007A7E46 /* Genres.swift in Sources */ = {isa = PBXBuildFile; fileRef = DE92A0C52AAB7618007A7E46 /* Genres.swift */; };
		DE92A0CA2AABBB42007A7E46 /* Keys.swift in Sources */ = {isa = PBXBuildFile; fileRef = DE92A0C92AABBB42007A7E46 /* Keys.swift */; };
		DE92A0CC2AABCC12007A7E46 /* Keys.plist in Resources */ = {isa = PBXBuildFile; fileRef = DE92A0CB2AABCC12007A7E46 /* Keys.plist */; };
		DEB52D192AAF778500F571DD /* Movies.swift in Sources */ = {isa = PBXBuildFile; fileRef = DEB52D182AAF778500F571DD /* Movies.swift */; };
		DEB52D1E2AAF8BD700F571DD /* ResultView.swift in Sources */ = {isa = PBXBuildFile; fileRef = DEB52D1D2AAF8BD700F571DD /* ResultView.swift */; };
		DEB52D202AAF8BE400F571DD /* ResultViewController.swift in Sources */ = {isa = PBXBuildFile; fileRef = DEB52D1F2AAF8BE400F571DD /* ResultViewController.swift */; };
		DEB52D262AB08F2E00F571DD /* ResultCollectionViewCell.swift in Sources */ = {isa = PBXBuildFile; fileRef = DEB52D252AB08F2E00F571DD /* ResultCollectionViewCell.swift */; };
		DEB52D292AB0989100F571DD /* UIImageView+Extension.swift in Sources */ = {isa = PBXBuildFile; fileRef = DEB52D282AB0989100F571DD /* UIImageView+Extension.swift */; };
		DEB52D2E2AB2150700F571DD /* Filters.swift in Sources */ = {isa = PBXBuildFile; fileRef = DEB52D2D2AB2150700F571DD /* Filters.swift */; };
		DEB52D312AB2667500F571DD /* RuntimeView.swift in Sources */ = {isa = PBXBuildFile; fileRef = DEB52D302AB2667500F571DD /* RuntimeView.swift */; };
		DEB52D332AB273F700F571DD /* UIStackView+Extension.swift in Sources */ = {isa = PBXBuildFile; fileRef = DEB52D322AB273F700F571DD /* UIStackView+Extension.swift */; };
		DEB52D362AB34A4800F571DD /* RuntimeNumberCreator.swift in Sources */ = {isa = PBXBuildFile; fileRef = DEB52D352AB34A4800F571DD /* RuntimeNumberCreator.swift */; };
		DEB52D392AB3596A00F571DD /* SortByView.swift in Sources */ = {isa = PBXBuildFile; fileRef = DEB52D382AB3596A00F571DD /* SortByView.swift */; };
		DEB52D3C2AB359DE00F571DD /* SortByCollectionViewCell.swift in Sources */ = {isa = PBXBuildFile; fileRef = DEB52D3B2AB359DE00F571DD /* SortByCollectionViewCell.swift */; };
		DEB52D452AB35EBD00F571DD /* SortBy.swift in Sources */ = {isa = PBXBuildFile; fileRef = DEB52D442AB35EBD00F571DD /* SortBy.swift */; };
		DEB52D472AB3C55900F571DD /* UIApplication+Extension.swift in Sources */ = {isa = PBXBuildFile; fileRef = DEB52D462AB3C55900F571DD /* UIApplication+Extension.swift */; };
		DEB52D492AB3CE5B00F571DD /* UIView+Extension.swift in Sources */ = {isa = PBXBuildFile; fileRef = DEB52D482AB3CE5B00F571DD /* UIView+Extension.swift */; };
		DEB52D4B2AB659DF00F571DD /* Strings+Extension.swift in Sources */ = {isa = PBXBuildFile; fileRef = DEB52D4A2AB659DF00F571DD /* Strings+Extension.swift */; };
		DEB52D4F2AB65AEF00F571DD /* Localizable.strings in Resources */ = {isa = PBXBuildFile; fileRef = DEB52D512AB65AEF00F571DD /* Localizable.strings */; };
		DEB52D5C2AB8707D00F571DD /* ResultDetailsView.swift in Sources */ = {isa = PBXBuildFile; fileRef = DEB52D5B2AB8707D00F571DD /* ResultDetailsView.swift */; };
		DEB52D5E2AB8708800F571DD /* ResultDetailsViewController.swift in Sources */ = {isa = PBXBuildFile; fileRef = DEB52D5D2AB8708800F571DD /* ResultDetailsViewController.swift */; };
		DEB52D622AB877D500F571DD /* Card.swift in Sources */ = {isa = PBXBuildFile; fileRef = DEB52D612AB877D500F571DD /* Card.swift */; };
		DEB52D642AB8CADF00F571DD /* Language.swift in Sources */ = {isa = PBXBuildFile; fileRef = DEB52D632AB8CADF00F571DD /* Language.swift */; };
		DEB52D662AB8CBBF00F571DD /* Location.swift in Sources */ = {isa = PBXBuildFile; fileRef = DEB52D652AB8CBBF00F571DD /* Location.swift */; };
		DEB52D682AB8FFBD00F571DD /* WatchProviders.swift in Sources */ = {isa = PBXBuildFile; fileRef = DEB52D672AB8FFBD00F571DD /* WatchProviders.swift */; };
		DEB52D6B2AB9F17B00F571DD /* WatchProvidersResponseHelper.swift in Sources */ = {isa = PBXBuildFile; fileRef = DEB52D6A2AB9F17B00F571DD /* WatchProvidersResponseHelper.swift */; };
		DEB52D6E2ABA04C600F571DD /* WatchProvidersView.swift in Sources */ = {isa = PBXBuildFile; fileRef = DEB52D6D2ABA04C600F571DD /* WatchProvidersView.swift */; };
		DEB52D712ABA386200F571DD /* CreditViewController.swift in Sources */ = {isa = PBXBuildFile; fileRef = DEB52D702ABA386200F571DD /* CreditViewController.swift */; };
		DEB52D732ABA389300F571DD /* CreditView.swift in Sources */ = {isa = PBXBuildFile; fileRef = DEB52D722ABA389300F571DD /* CreditView.swift */; };
		DEB52D762ABB37F600F571DD /* WatchProviderFilterView.swift in Sources */ = {isa = PBXBuildFile; fileRef = DEB52D752ABB37F600F571DD /* WatchProviderFilterView.swift */; };
		DEB52D792ABB382600F571DD /* WatchProviderFilterCollectionViewCell.swift in Sources */ = {isa = PBXBuildFile; fileRef = DEB52D782ABB382600F571DD /* WatchProviderFilterCollectionViewCell.swift */; };
/* End PBXBuildFile section */

/* Begin PBXContainerItemProxy section */
		DE0597742ABF201D007E6A62 /* PBXContainerItemProxy */ = {
			isa = PBXContainerItemProxy;
			containerPortal = DE92A0692AA3A32C007A7E46 /* Project object */;
			proxyType = 1;
			remoteGlobalIDString = DE92A0702AA3A32C007A7E46;
			remoteInfo = Unroll;
		};
/* End PBXContainerItemProxy section */

/* Begin PBXFileReference section */
		DE0597702ABF201D007E6A62 /* UnrollTests.xctest */ = {isa = PBXFileReference; explicitFileType = wrapper.cfbundle; includeInIndex = 0; path = UnrollTests.xctest; sourceTree = BUILT_PRODUCTS_DIR; };
		DE92A0712AA3A32C007A7E46 /* Unroll.app */ = {isa = PBXFileReference; explicitFileType = wrapper.application; includeInIndex = 0; path = Unroll.app; sourceTree = BUILT_PRODUCTS_DIR; };
		DE92A0742AA3A32C007A7E46 /* AppDelegate.swift */ = {isa = PBXFileReference; lastKnownFileType = sourcecode.swift; path = AppDelegate.swift; sourceTree = "<group>"; };
		DE92A0762AA3A32C007A7E46 /* SceneDelegate.swift */ = {isa = PBXFileReference; lastKnownFileType = sourcecode.swift; path = SceneDelegate.swift; sourceTree = "<group>"; };
		DE92A0782AA3A32C007A7E46 /* HomeViewController.swift */ = {isa = PBXFileReference; lastKnownFileType = sourcecode.swift; path = HomeViewController.swift; sourceTree = "<group>"; };
		DE92A07D2AA3A32D007A7E46 /* Assets.xcassets */ = {isa = PBXFileReference; lastKnownFileType = folder.assetcatalog; path = Assets.xcassets; sourceTree = "<group>"; };
		DE92A0802AA3A32D007A7E46 /* Base */ = {isa = PBXFileReference; lastKnownFileType = file.storyboard; name = Base; path = Base.lproj/LaunchScreen.storyboard; sourceTree = "<group>"; };
		DE92A0822AA3A32D007A7E46 /* Info.plist */ = {isa = PBXFileReference; lastKnownFileType = text.plist.xml; path = Info.plist; sourceTree = "<group>"; };
		DE92A08D2AA8D99B007A7E46 /* HomeView.swift */ = {isa = PBXFileReference; lastKnownFileType = sourcecode.swift; path = HomeView.swift; sourceTree = "<group>"; };
		DE92A0922AA8F8DD007A7E46 /* BreeSerif-Regular.ttf */ = {isa = PBXFileReference; lastKnownFileType = file; path = "BreeSerif-Regular.ttf"; sourceTree = "<group>"; };
		DE92A0942AA8F8EF007A7E46 /* Kanit-Regular.ttf */ = {isa = PBXFileReference; lastKnownFileType = file; path = "Kanit-Regular.ttf"; sourceTree = "<group>"; };
		DE92A09B2AAA0D7C007A7E46 /* FilterViewController.swift */ = {isa = PBXFileReference; lastKnownFileType = sourcecode.swift; path = FilterViewController.swift; sourceTree = "<group>"; };
		DE92A09D2AAA15EB007A7E46 /* FilterView.swift */ = {isa = PBXFileReference; lastKnownFileType = sourcecode.swift; path = FilterView.swift; sourceTree = "<group>"; };
		DE92A0A02AAA373F007A7E46 /* Colors.swift */ = {isa = PBXFileReference; lastKnownFileType = sourcecode.swift; name = Colors.swift; path = ../../../Unroll/Unroll/Constants/Colors.swift; sourceTree = "<group>"; };
		DE92A0A32AAA396E007A7E46 /* Fonts.swift */ = {isa = PBXFileReference; lastKnownFileType = sourcecode.swift; name = Fonts.swift; path = ../../../Unroll/Unroll/Constants/Fonts.swift; sourceTree = "<group>"; };
		DE92A0B62AAA7140007A7E46 /* MovieAPI.swift */ = {isa = PBXFileReference; lastKnownFileType = sourcecode.swift; name = MovieAPI.swift; path = ../../../Unroll/Unroll/APIs/MovieAPI.swift; sourceTree = "<group>"; };
		DE92A0C02AAB7520007A7E46 /* GenreCollectionViewCell.swift */ = {isa = PBXFileReference; fileEncoding = 4; lastKnownFileType = sourcecode.swift; path = GenreCollectionViewCell.swift; sourceTree = "<group>"; };
		DE92A0C22AAB7529007A7E46 /* GenreView.swift */ = {isa = PBXFileReference; fileEncoding = 4; lastKnownFileType = sourcecode.swift; path = GenreView.swift; sourceTree = "<group>"; };
		DE92A0C52AAB7618007A7E46 /* Genres.swift */ = {isa = PBXFileReference; lastKnownFileType = sourcecode.swift; path = Genres.swift; sourceTree = "<group>"; };
		DE92A0C92AABBB42007A7E46 /* Keys.swift */ = {isa = PBXFileReference; lastKnownFileType = sourcecode.swift; path = Keys.swift; sourceTree = "<group>"; };
		DE92A0CB2AABCC12007A7E46 /* Keys.plist */ = {isa = PBXFileReference; lastKnownFileType = text.plist.xml; path = Keys.plist; sourceTree = "<group>"; };
		DEB52D182AAF778500F571DD /* Movies.swift */ = {isa = PBXFileReference; lastKnownFileType = sourcecode.swift; path = Movies.swift; sourceTree = "<group>"; };
		DEB52D1D2AAF8BD700F571DD /* ResultView.swift */ = {isa = PBXFileReference; lastKnownFileType = sourcecode.swift; path = ResultView.swift; sourceTree = "<group>"; };
		DEB52D1F2AAF8BE400F571DD /* ResultViewController.swift */ = {isa = PBXFileReference; lastKnownFileType = sourcecode.swift; path = ResultViewController.swift; sourceTree = "<group>"; };
		DEB52D252AB08F2E00F571DD /* ResultCollectionViewCell.swift */ = {isa = PBXFileReference; lastKnownFileType = sourcecode.swift; path = ResultCollectionViewCell.swift; sourceTree = "<group>"; };
		DEB52D282AB0989100F571DD /* UIImageView+Extension.swift */ = {isa = PBXFileReference; lastKnownFileType = sourcecode.swift; path = "UIImageView+Extension.swift"; sourceTree = "<group>"; };
		DEB52D2D2AB2150700F571DD /* Filters.swift */ = {isa = PBXFileReference; lastKnownFileType = sourcecode.swift; path = Filters.swift; sourceTree = "<group>"; };
		DEB52D302AB2667500F571DD /* RuntimeView.swift */ = {isa = PBXFileReference; lastKnownFileType = sourcecode.swift; path = RuntimeView.swift; sourceTree = "<group>"; };
		DEB52D322AB273F700F571DD /* UIStackView+Extension.swift */ = {isa = PBXFileReference; lastKnownFileType = sourcecode.swift; path = "UIStackView+Extension.swift"; sourceTree = "<group>"; };
		DEB52D352AB34A4800F571DD /* RuntimeNumberCreator.swift */ = {isa = PBXFileReference; lastKnownFileType = sourcecode.swift; path = RuntimeNumberCreator.swift; sourceTree = "<group>"; };
		DEB52D382AB3596A00F571DD /* SortByView.swift */ = {isa = PBXFileReference; lastKnownFileType = sourcecode.swift; path = SortByView.swift; sourceTree = "<group>"; };
		DEB52D3B2AB359DE00F571DD /* SortByCollectionViewCell.swift */ = {isa = PBXFileReference; lastKnownFileType = sourcecode.swift; path = SortByCollectionViewCell.swift; sourceTree = "<group>"; };
		DEB52D442AB35EBD00F571DD /* SortBy.swift */ = {isa = PBXFileReference; lastKnownFileType = sourcecode.swift; path = SortBy.swift; sourceTree = "<group>"; };
		DEB52D462AB3C55900F571DD /* UIApplication+Extension.swift */ = {isa = PBXFileReference; lastKnownFileType = sourcecode.swift; path = "UIApplication+Extension.swift"; sourceTree = "<group>"; };
		DEB52D482AB3CE5B00F571DD /* UIView+Extension.swift */ = {isa = PBXFileReference; lastKnownFileType = sourcecode.swift; path = "UIView+Extension.swift"; sourceTree = "<group>"; };
		DEB52D4A2AB659DF00F571DD /* Strings+Extension.swift */ = {isa = PBXFileReference; lastKnownFileType = sourcecode.swift; path = "Strings+Extension.swift"; sourceTree = "<group>"; };
		DEB52D502AB65AEF00F571DD /* en */ = {isa = PBXFileReference; lastKnownFileType = text.plist.strings; name = en; path = en.lproj/Localizable.strings; sourceTree = "<group>"; };
		DEB52D522AB65B2F00F571DD /* pt-BR */ = {isa = PBXFileReference; lastKnownFileType = text.plist.strings; name = "pt-BR"; path = "pt-BR.lproj/Localizable.strings"; sourceTree = "<group>"; };
		DEB52D5B2AB8707D00F571DD /* ResultDetailsView.swift */ = {isa = PBXFileReference; lastKnownFileType = sourcecode.swift; path = ResultDetailsView.swift; sourceTree = "<group>"; };
		DEB52D5D2AB8708800F571DD /* ResultDetailsViewController.swift */ = {isa = PBXFileReference; lastKnownFileType = sourcecode.swift; path = ResultDetailsViewController.swift; sourceTree = "<group>"; };
		DEB52D612AB877D500F571DD /* Card.swift */ = {isa = PBXFileReference; lastKnownFileType = sourcecode.swift; path = Card.swift; sourceTree = "<group>"; };
		DEB52D632AB8CADF00F571DD /* Language.swift */ = {isa = PBXFileReference; lastKnownFileType = sourcecode.swift; path = Language.swift; sourceTree = "<group>"; };
		DEB52D652AB8CBBF00F571DD /* Location.swift */ = {isa = PBXFileReference; lastKnownFileType = sourcecode.swift; path = Location.swift; sourceTree = "<group>"; };
		DEB52D672AB8FFBD00F571DD /* WatchProviders.swift */ = {isa = PBXFileReference; lastKnownFileType = sourcecode.swift; path = WatchProviders.swift; sourceTree = "<group>"; };
		DEB52D6A2AB9F17B00F571DD /* WatchProvidersResponseHelper.swift */ = {isa = PBXFileReference; lastKnownFileType = sourcecode.swift; path = WatchProvidersResponseHelper.swift; sourceTree = "<group>"; };
		DEB52D6D2ABA04C600F571DD /* WatchProvidersView.swift */ = {isa = PBXFileReference; lastKnownFileType = sourcecode.swift; path = WatchProvidersView.swift; sourceTree = "<group>"; };
		DEB52D702ABA386200F571DD /* CreditViewController.swift */ = {isa = PBXFileReference; lastKnownFileType = sourcecode.swift; path = CreditViewController.swift; sourceTree = "<group>"; };
		DEB52D722ABA389300F571DD /* CreditView.swift */ = {isa = PBXFileReference; lastKnownFileType = sourcecode.swift; path = CreditView.swift; sourceTree = "<group>"; };
		DEB52D752ABB37F600F571DD /* WatchProviderFilterView.swift */ = {isa = PBXFileReference; lastKnownFileType = sourcecode.swift; path = WatchProviderFilterView.swift; sourceTree = "<group>"; };
		DEB52D782ABB382600F571DD /* WatchProviderFilterCollectionViewCell.swift */ = {isa = PBXFileReference; lastKnownFileType = sourcecode.swift; path = WatchProviderFilterCollectionViewCell.swift; sourceTree = "<group>"; };
		DEEF33B32ABF20DF003DAC7F /* Unroll.xctestplan */ = {isa = PBXFileReference; lastKnownFileType = text; name = Unroll.xctestplan; path = UnrollTests/Unroll.xctestplan; sourceTree = "<group>"; };
/* End PBXFileReference section */

/* Begin PBXFrameworksBuildPhase section */
		DE05976D2ABF201D007E6A62 /* Frameworks */ = {
			isa = PBXFrameworksBuildPhase;
			buildActionMask = 2147483647;
			files = (
			);
			runOnlyForDeploymentPostprocessing = 0;
		};
		DE92A06E2AA3A32C007A7E46 /* Frameworks */ = {
			isa = PBXFrameworksBuildPhase;
			buildActionMask = 2147483647;
			files = (
			);
			runOnlyForDeploymentPostprocessing = 0;
		};
/* End PBXFrameworksBuildPhase section */

/* Begin PBXGroup section */
		DE92A0682AA3A32C007A7E46 = {
			isa = PBXGroup;
			children = (
				DEEF33B32ABF20DF003DAC7F /* Unroll.xctestplan */,
				DE92A0732AA3A32C007A7E46 /* Unroll */,
				DE92A0722AA3A32C007A7E46 /* Products */,
			);
			sourceTree = "<group>";
		};
		DE92A0722AA3A32C007A7E46 /* Products */ = {
			isa = PBXGroup;
			children = (
				DE92A0712AA3A32C007A7E46 /* Unroll.app */,
				DE0597702ABF201D007E6A62 /* UnrollTests.xctest */,
			);
			name = Products;
			sourceTree = "<group>";
		};
		DE92A0732AA3A32C007A7E46 /* Unroll */ = {
			isa = PBXGroup;
			children = (
				DE92A0822AA3A32D007A7E46 /* Info.plist */,
				DE92A0CB2AABCC12007A7E46 /* Keys.plist */,
				DE92A07F2AA3A32D007A7E46 /* LaunchScreen.storyboard */,
				DE92A07D2AA3A32D007A7E46 /* Assets.xcassets */,
				DE92A0742AA3A32C007A7E46 /* AppDelegate.swift */,
				DE92A0762AA3A32C007A7E46 /* SceneDelegate.swift */,
				DEB52D4C2AB65ABC00F571DD /* Localizable */,
				DE92A0902AA8F8A3007A7E46 /* Files */,
				DE92A0A72AAA550A007A7E46 /* APIs */,
				DE92A09F2AAA372F007A7E46 /* Constants */,
				DEB52D602AB877AE00F571DD /* Components */,
				DEB52D272AB0987A00F571DD /* Extensions */,
				DE92A0C42AAB75FA007A7E46 /* Models */,
				DEB52D6F2ABA384100F571DD /* CreditView */,
				DE92A08A2AA8D87C007A7E46 /* HomeView */,
				DE92A0992AAA0D2B007A7E46 /* FilterView */,
				DEB52D1C2AAF8BA700F571DD /* ResultView */,
				DEB52D5A2AB8706600F571DD /* ResultDetailsView */,
			);
			path = Unroll;
			sourceTree = "<group>";
		};
		DE92A08A2AA8D87C007A7E46 /* HomeView */ = {
			isa = PBXGroup;
			children = (
				DE92A0782AA3A32C007A7E46 /* HomeViewController.swift */,
				DE92A08D2AA8D99B007A7E46 /* HomeView.swift */,
			);
			path = HomeView;
			sourceTree = "<group>";
		};
		DE92A0902AA8F8A3007A7E46 /* Files */ = {
			isa = PBXGroup;
			children = (
				DE92A0912AA8F8AD007A7E46 /* Fonts */,
			);
			path = Files;
			sourceTree = "<group>";
		};
		DE92A0912AA8F8AD007A7E46 /* Fonts */ = {
			isa = PBXGroup;
			children = (
				DE92A0942AA8F8EF007A7E46 /* Kanit-Regular.ttf */,
				DE92A0922AA8F8DD007A7E46 /* BreeSerif-Regular.ttf */,
			);
			path = Fonts;
			sourceTree = "<group>";
		};
		DE92A0992AAA0D2B007A7E46 /* FilterView */ = {
			isa = PBXGroup;
			children = (
				DE92A0B92AAB4ABC007A7E46 /* GenreView */,
				DEB52D2F2AB2665400F571DD /* RuntimeView */,
				DEB52D372AB3594D00F571DD /* SortByView */,
				DEB52D742ABB37D200F571DD /* WatchProviderFilterView */,
				DE92A09B2AAA0D7C007A7E46 /* FilterViewController.swift */,
				DE92A09D2AAA15EB007A7E46 /* FilterView.swift */,
			);
			path = FilterView;
			sourceTree = "<group>";
		};
		DE92A09F2AAA372F007A7E46 /* Constants */ = {
			isa = PBXGroup;
			children = (
				DE92A0A02AAA373F007A7E46 /* Colors.swift */,
				DE92A0A32AAA396E007A7E46 /* Fonts.swift */,
				DE92A0C92AABBB42007A7E46 /* Keys.swift */,
			);
			path = Constants;
			sourceTree = "<group>";
		};
		DE92A0A72AAA550A007A7E46 /* APIs */ = {
			isa = PBXGroup;
			children = (
				DE92A0B62AAA7140007A7E46 /* MovieAPI.swift */,
			);
			path = APIs;
			sourceTree = "<group>";
		};
		DE92A0B92AAB4ABC007A7E46 /* GenreView */ = {
			isa = PBXGroup;
			children = (
				DE92A0BD2AAB4DA8007A7E46 /* Cell */,
				DE92A0C22AAB7529007A7E46 /* GenreView.swift */,
			);
			path = GenreView;
			sourceTree = "<group>";
		};
		DE92A0BD2AAB4DA8007A7E46 /* Cell */ = {
			isa = PBXGroup;
			children = (
				DE92A0C02AAB7520007A7E46 /* GenreCollectionViewCell.swift */,
			);
			path = Cell;
			sourceTree = "<group>";
		};
		DE92A0C42AAB75FA007A7E46 /* Models */ = {
			isa = PBXGroup;
			children = (
				DE92A0C52AAB7618007A7E46 /* Genres.swift */,
				DEB52D182AAF778500F571DD /* Movies.swift */,
				DEB52D2D2AB2150700F571DD /* Filters.swift */,
				DEB52D442AB35EBD00F571DD /* SortBy.swift */,
				DEB52D632AB8CADF00F571DD /* Language.swift */,
				DEB52D652AB8CBBF00F571DD /* Location.swift */,
				DEB52D672AB8FFBD00F571DD /* WatchProviders.swift */,
			);
			path = Models;
			sourceTree = "<group>";
		};
		DEB52D1C2AAF8BA700F571DD /* ResultView */ = {
			isa = PBXGroup;
			children = (
				DEB52D242AB08F2200F571DD /* Cell */,
				DEB52D1F2AAF8BE400F571DD /* ResultViewController.swift */,
				DEB52D1D2AAF8BD700F571DD /* ResultView.swift */,
			);
			path = ResultView;
			sourceTree = "<group>";
		};
		DEB52D242AB08F2200F571DD /* Cell */ = {
			isa = PBXGroup;
			children = (
				DEB52D252AB08F2E00F571DD /* ResultCollectionViewCell.swift */,
			);
			path = Cell;
			sourceTree = "<group>";
		};
		DEB52D272AB0987A00F571DD /* Extensions */ = {
			isa = PBXGroup;
			children = (
				DEB52D282AB0989100F571DD /* UIImageView+Extension.swift */,
				DEB52D322AB273F700F571DD /* UIStackView+Extension.swift */,
				DEB52D462AB3C55900F571DD /* UIApplication+Extension.swift */,
				DEB52D482AB3CE5B00F571DD /* UIView+Extension.swift */,
				DEB52D4A2AB659DF00F571DD /* Strings+Extension.swift */,
			);
			path = Extensions;
			sourceTree = "<group>";
		};
		DEB52D2F2AB2665400F571DD /* RuntimeView */ = {
			isa = PBXGroup;
			children = (
				DEB52D342AB34A2500F571DD /* Helpers */,
				DEB52D302AB2667500F571DD /* RuntimeView.swift */,
			);
			path = RuntimeView;
			sourceTree = "<group>";
		};
		DEB52D342AB34A2500F571DD /* Helpers */ = {
			isa = PBXGroup;
			children = (
				DEB52D352AB34A4800F571DD /* RuntimeNumberCreator.swift */,
			);
			path = Helpers;
			sourceTree = "<group>";
		};
		DEB52D372AB3594D00F571DD /* SortByView */ = {
			isa = PBXGroup;
			children = (
				DEB52D3A2AB359C600F571DD /* Cell */,
				DEB52D382AB3596A00F571DD /* SortByView.swift */,
			);
			path = SortByView;
			sourceTree = "<group>";
		};
		DEB52D3A2AB359C600F571DD /* Cell */ = {
			isa = PBXGroup;
			children = (
				DEB52D3B2AB359DE00F571DD /* SortByCollectionViewCell.swift */,
			);
			path = Cell;
			sourceTree = "<group>";
		};
		DEB52D4C2AB65ABC00F571DD /* Localizable */ = {
			isa = PBXGroup;
			children = (
				DEB52D512AB65AEF00F571DD /* Localizable.strings */,
			);
			path = Localizable;
			sourceTree = "<group>";
		};
		DEB52D5A2AB8706600F571DD /* ResultDetailsView */ = {
			isa = PBXGroup;
			children = (
				DEB52D692AB9F15F00F571DD /* Helpers */,
				DEB52D6C2ABA04A800F571DD /* WatchProvidersView */,
				DEB52D5D2AB8708800F571DD /* ResultDetailsViewController.swift */,
				DEB52D5B2AB8707D00F571DD /* ResultDetailsView.swift */,
			);
			path = ResultDetailsView;
			sourceTree = "<group>";
		};
		DEB52D602AB877AE00F571DD /* Components */ = {
			isa = PBXGroup;
			children = (
				DEB52D612AB877D500F571DD /* Card.swift */,
			);
			path = Components;
			sourceTree = "<group>";
		};
		DEB52D692AB9F15F00F571DD /* Helpers */ = {
			isa = PBXGroup;
			children = (
				DEB52D6A2AB9F17B00F571DD /* WatchProvidersResponseHelper.swift */,
			);
			path = Helpers;
			sourceTree = "<group>";
		};
		DEB52D6C2ABA04A800F571DD /* WatchProvidersView */ = {
			isa = PBXGroup;
			children = (
				DEB52D6D2ABA04C600F571DD /* WatchProvidersView.swift */,
			);
			path = WatchProvidersView;
			sourceTree = "<group>";
		};
		DEB52D6F2ABA384100F571DD /* CreditView */ = {
			isa = PBXGroup;
			children = (
				DEB52D702ABA386200F571DD /* CreditViewController.swift */,
				DEB52D722ABA389300F571DD /* CreditView.swift */,
			);
			path = CreditView;
			sourceTree = "<group>";
		};
		DEB52D742ABB37D200F571DD /* WatchProviderFilterView */ = {
			isa = PBXGroup;
			children = (
				DEB52D772ABB381500F571DD /* Cell */,
				DEB52D752ABB37F600F571DD /* WatchProviderFilterView.swift */,
			);
			path = WatchProviderFilterView;
			sourceTree = "<group>";
		};
		DEB52D772ABB381500F571DD /* Cell */ = {
			isa = PBXGroup;
			children = (
				DEB52D782ABB382600F571DD /* WatchProviderFilterCollectionViewCell.swift */,
			);
			path = Cell;
			sourceTree = "<group>";
		};
/* End PBXGroup section */

/* Begin PBXNativeTarget section */
		DE05976F2ABF201D007E6A62 /* UnrollTests */ = {
			isa = PBXNativeTarget;
			buildConfigurationList = DE0597762ABF201D007E6A62 /* Build configuration list for PBXNativeTarget "UnrollTests" */;
			buildPhases = (
				DE05976C2ABF201D007E6A62 /* Sources */,
				DE05976D2ABF201D007E6A62 /* Frameworks */,
				DE05976E2ABF201D007E6A62 /* Resources */,
			);
			buildRules = (
			);
			dependencies = (
				DE0597752ABF201D007E6A62 /* PBXTargetDependency */,
			);
			name = UnrollTests;
			productName = UnrollTests;
			productReference = DE0597702ABF201D007E6A62 /* UnrollTests.xctest */;
			productType = "com.apple.product-type.bundle.unit-test";
		};
		DE92A0702AA3A32C007A7E46 /* Unroll */ = {
			isa = PBXNativeTarget;
			buildConfigurationList = DE92A0852AA3A32D007A7E46 /* Build configuration list for PBXNativeTarget "Unroll" */;
			buildPhases = (
				DE92A06D2AA3A32C007A7E46 /* Sources */,
				DE92A06E2AA3A32C007A7E46 /* Frameworks */,
				DE92A06F2AA3A32C007A7E46 /* Resources */,
			);
			buildRules = (
			);
			dependencies = (
			);
			name = Unroll;
			productName = Filmro;
			productReference = DE92A0712AA3A32C007A7E46 /* Unroll.app */;
			productType = "com.apple.product-type.application";
		};
/* End PBXNativeTarget section */

/* Begin PBXProject section */
		DE92A0692AA3A32C007A7E46 /* Project object */ = {
			isa = PBXProject;
			attributes = {
				BuildIndependentTargetsInParallel = 1;
				LastSwiftUpdateCheck = 1430;
				LastUpgradeCheck = 1430;
				TargetAttributes = {
					DE05976F2ABF201D007E6A62 = {
						CreatedOnToolsVersion = 14.3.1;
						TestTargetID = DE92A0702AA3A32C007A7E46;
					};
					DE92A0702AA3A32C007A7E46 = {
						CreatedOnToolsVersion = 14.3.1;
					};
				};
			};
			buildConfigurationList = DE92A06C2AA3A32C007A7E46 /* Build configuration list for PBXProject "Unroll" */;
			compatibilityVersion = "Xcode 14.0";
			developmentRegion = en;
			hasScannedForEncodings = 0;
			knownRegions = (
				en,
				Base,
				"pt-BR",
			);
			mainGroup = DE92A0682AA3A32C007A7E46;
			productRefGroup = DE92A0722AA3A32C007A7E46 /* Products */;
			projectDirPath = "";
			projectRoot = "";
			targets = (
				DE92A0702AA3A32C007A7E46 /* Unroll */,
				DE05976F2ABF201D007E6A62 /* UnrollTests */,
			);
		};
/* End PBXProject section */

/* Begin PBXResourcesBuildPhase section */
		DE05976E2ABF201D007E6A62 /* Resources */ = {
			isa = PBXResourcesBuildPhase;
			buildActionMask = 2147483647;
			files = (
			);
			runOnlyForDeploymentPostprocessing = 0;
		};
		DE92A06F2AA3A32C007A7E46 /* Resources */ = {
			isa = PBXResourcesBuildPhase;
			buildActionMask = 2147483647;
			files = (
				DE92A0812AA3A32D007A7E46 /* LaunchScreen.storyboard in Resources */,
				DEB52D4F2AB65AEF00F571DD /* Localizable.strings in Resources */,
				DE92A0932AA8F8DD007A7E46 /* BreeSerif-Regular.ttf in Resources */,
				DE92A07E2AA3A32D007A7E46 /* Assets.xcassets in Resources */,
				DE92A0952AA8F8EF007A7E46 /* Kanit-Regular.ttf in Resources */,
				DE92A0CC2AABCC12007A7E46 /* Keys.plist in Resources */,
			);
			runOnlyForDeploymentPostprocessing = 0;
		};
/* End PBXResourcesBuildPhase section */

/* Begin PBXSourcesBuildPhase section */
		DE05976C2ABF201D007E6A62 /* Sources */ = {
			isa = PBXSourcesBuildPhase;
			buildActionMask = 2147483647;
			files = (
			);
			runOnlyForDeploymentPostprocessing = 0;
		};
		DE92A06D2AA3A32C007A7E46 /* Sources */ = {
			isa = PBXSourcesBuildPhase;
			buildActionMask = 2147483647;
			files = (
				DEB52D682AB8FFBD00F571DD /* WatchProviders.swift in Sources */,
				DEB52D192AAF778500F571DD /* Movies.swift in Sources */,
				DEB52D792ABB382600F571DD /* WatchProviderFilterCollectionViewCell.swift in Sources */,
				DEB52D642AB8CADF00F571DD /* Language.swift in Sources */,
				DEB52D712ABA386200F571DD /* CreditViewController.swift in Sources */,
				DEB52D5C2AB8707D00F571DD /* ResultDetailsView.swift in Sources */,
				DEB52D732ABA389300F571DD /* CreditView.swift in Sources */,
				DEB52D262AB08F2E00F571DD /* ResultCollectionViewCell.swift in Sources */,
				DE92A0A42AAA396E007A7E46 /* Fonts.swift in Sources */,
				DEB52D3C2AB359DE00F571DD /* SortByCollectionViewCell.swift in Sources */,
				DEB52D1E2AAF8BD700F571DD /* ResultView.swift in Sources */,
				DEB52D452AB35EBD00F571DD /* SortBy.swift in Sources */,
				DEB52D362AB34A4800F571DD /* RuntimeNumberCreator.swift in Sources */,
				DEB52D662AB8CBBF00F571DD /* Location.swift in Sources */,
				DEB52D622AB877D500F571DD /* Card.swift in Sources */,
				DEB52D202AAF8BE400F571DD /* ResultViewController.swift in Sources */,
				DE92A0792AA3A32C007A7E46 /* HomeViewController.swift in Sources */,
				DE92A0C12AAB7520007A7E46 /* GenreCollectionViewCell.swift in Sources */,
				DEB52D392AB3596A00F571DD /* SortByView.swift in Sources */,
				DE92A0C62AAB7618007A7E46 /* Genres.swift in Sources */,
				DEB52D4B2AB659DF00F571DD /* Strings+Extension.swift in Sources */,
				DEB52D492AB3CE5B00F571DD /* UIView+Extension.swift in Sources */,
				DEB52D472AB3C55900F571DD /* UIApplication+Extension.swift in Sources */,
				DEB52D332AB273F700F571DD /* UIStackView+Extension.swift in Sources */,
				DE92A0CA2AABBB42007A7E46 /* Keys.swift in Sources */,
				DEB52D5E2AB8708800F571DD /* ResultDetailsViewController.swift in Sources */,
				DE92A08E2AA8D99B007A7E46 /* HomeView.swift in Sources */,
				DEB52D292AB0989100F571DD /* UIImageView+Extension.swift in Sources */,
				DEB52D6E2ABA04C600F571DD /* WatchProvidersView.swift in Sources */,
				DE92A0C32AAB7529007A7E46 /* GenreView.swift in Sources */,
				DE92A0752AA3A32C007A7E46 /* AppDelegate.swift in Sources */,
				DE92A0A12AAA373F007A7E46 /* Colors.swift in Sources */,
				DE92A0772AA3A32C007A7E46 /* SceneDelegate.swift in Sources */,
				DEB52D312AB2667500F571DD /* RuntimeView.swift in Sources */,
				DE92A0B72AAA7140007A7E46 /* MovieAPI.swift in Sources */,
				DEB52D2E2AB2150700F571DD /* Filters.swift in Sources */,
				DE92A09E2AAA15EB007A7E46 /* FilterView.swift in Sources */,
				DE92A09C2AAA0D7C007A7E46 /* FilterViewController.swift in Sources */,
				DEB52D762ABB37F600F571DD /* WatchProviderFilterView.swift in Sources */,
				DEB52D6B2AB9F17B00F571DD /* WatchProvidersResponseHelper.swift in Sources */,
			);
			runOnlyForDeploymentPostprocessing = 0;
		};
/* End PBXSourcesBuildPhase section */

/* Begin PBXTargetDependency section */
		DE0597752ABF201D007E6A62 /* PBXTargetDependency */ = {
			isa = PBXTargetDependency;
			target = DE92A0702AA3A32C007A7E46 /* Unroll */;
			targetProxy = DE0597742ABF201D007E6A62 /* PBXContainerItemProxy */;
		};
/* End PBXTargetDependency section */

/* Begin PBXVariantGroup section */
		DE92A07F2AA3A32D007A7E46 /* LaunchScreen.storyboard */ = {
			isa = PBXVariantGroup;
			children = (
				DE92A0802AA3A32D007A7E46 /* Base */,
			);
			name = LaunchScreen.storyboard;
			sourceTree = "<group>";
		};
		DEB52D512AB65AEF00F571DD /* Localizable.strings */ = {
			isa = PBXVariantGroup;
			children = (
				DEB52D502AB65AEF00F571DD /* en */,
				DEB52D522AB65B2F00F571DD /* pt-BR */,
			);
			name = Localizable.strings;
			sourceTree = "<group>";
		};
/* End PBXVariantGroup section */

/* Begin XCBuildConfiguration section */
		DE0597772ABF201D007E6A62 /* Debug */ = {
			isa = XCBuildConfiguration;
			buildSettings = {
				BUNDLE_LOADER = "$(TEST_HOST)";
				CODE_SIGN_STYLE = Automatic;
				CURRENT_PROJECT_VERSION = 1;
				DEVELOPMENT_TEAM = VHXK59YD8C;
				GENERATE_INFOPLIST_FILE = YES;
				MARKETING_VERSION = 1.0;
				PRODUCT_BUNDLE_IDENTIFIER = com.gabrielgarcia.UnrollTests;
				PRODUCT_NAME = "$(TARGET_NAME)";
				SWIFT_EMIT_LOC_STRINGS = NO;
				SWIFT_VERSION = 5.0;
				TARGETED_DEVICE_FAMILY = "1,2";
				TEST_HOST = "$(BUILT_PRODUCTS_DIR)/Unroll.app/$(BUNDLE_EXECUTABLE_FOLDER_PATH)/Unroll";
			};
			name = Debug;
		};
		DE0597782ABF201D007E6A62 /* Release */ = {
			isa = XCBuildConfiguration;
			buildSettings = {
				BUNDLE_LOADER = "$(TEST_HOST)";
				CODE_SIGN_STYLE = Automatic;
				CURRENT_PROJECT_VERSION = 1;
				DEVELOPMENT_TEAM = VHXK59YD8C;
				GENERATE_INFOPLIST_FILE = YES;
				MARKETING_VERSION = 1.0;
				PRODUCT_BUNDLE_IDENTIFIER = com.gabrielgarcia.UnrollTests;
				PRODUCT_NAME = "$(TARGET_NAME)";
				SWIFT_EMIT_LOC_STRINGS = NO;
				SWIFT_VERSION = 5.0;
				TARGETED_DEVICE_FAMILY = "1,2";
				TEST_HOST = "$(BUILT_PRODUCTS_DIR)/Unroll.app/$(BUNDLE_EXECUTABLE_FOLDER_PATH)/Unroll";
			};
			name = Release;
		};
		DE92A0832AA3A32D007A7E46 /* Debug */ = {
			isa = XCBuildConfiguration;
			buildSettings = {
				ALWAYS_SEARCH_USER_PATHS = NO;
				CLANG_ANALYZER_LOCALIZABILITY_NONLOCALIZED = YES;
				CLANG_ANALYZER_NONNULL = YES;
				CLANG_ANALYZER_NUMBER_OBJECT_CONVERSION = YES_AGGRESSIVE;
				CLANG_CXX_LANGUAGE_STANDARD = "gnu++20";
				CLANG_ENABLE_MODULES = YES;
				CLANG_ENABLE_OBJC_ARC = YES;
				CLANG_ENABLE_OBJC_WEAK = YES;
				CLANG_WARN_BLOCK_CAPTURE_AUTORELEASING = YES;
				CLANG_WARN_BOOL_CONVERSION = YES;
				CLANG_WARN_COMMA = YES;
				CLANG_WARN_CONSTANT_CONVERSION = YES;
				CLANG_WARN_DEPRECATED_OBJC_IMPLEMENTATIONS = YES;
				CLANG_WARN_DIRECT_OBJC_ISA_USAGE = YES_ERROR;
				CLANG_WARN_DOCUMENTATION_COMMENTS = YES;
				CLANG_WARN_EMPTY_BODY = YES;
				CLANG_WARN_ENUM_CONVERSION = YES;
				CLANG_WARN_INFINITE_RECURSION = YES;
				CLANG_WARN_INT_CONVERSION = YES;
				CLANG_WARN_NON_LITERAL_NULL_CONVERSION = YES;
				CLANG_WARN_OBJC_IMPLICIT_RETAIN_SELF = YES;
				CLANG_WARN_OBJC_LITERAL_CONVERSION = YES;
				CLANG_WARN_OBJC_ROOT_CLASS = YES_ERROR;
				CLANG_WARN_QUOTED_INCLUDE_IN_FRAMEWORK_HEADER = YES;
				CLANG_WARN_RANGE_LOOP_ANALYSIS = YES;
				CLANG_WARN_STRICT_PROTOTYPES = YES;
				CLANG_WARN_SUSPICIOUS_MOVE = YES;
				CLANG_WARN_UNGUARDED_AVAILABILITY = YES_AGGRESSIVE;
				CLANG_WARN_UNREACHABLE_CODE = YES;
				CLANG_WARN__DUPLICATE_METHOD_MATCH = YES;
				COPY_PHASE_STRIP = NO;
				DEBUG_INFORMATION_FORMAT = dwarf;
				ENABLE_STRICT_OBJC_MSGSEND = YES;
				ENABLE_TESTABILITY = YES;
				GCC_C_LANGUAGE_STANDARD = gnu11;
				GCC_DYNAMIC_NO_PIC = NO;
				GCC_NO_COMMON_BLOCKS = YES;
				GCC_OPTIMIZATION_LEVEL = 0;
				GCC_PREPROCESSOR_DEFINITIONS = (
					"DEBUG=1",
					"$(inherited)",
				);
				GCC_WARN_64_TO_32_BIT_CONVERSION = YES;
				GCC_WARN_ABOUT_RETURN_TYPE = YES_ERROR;
				GCC_WARN_UNDECLARED_SELECTOR = YES;
				GCC_WARN_UNINITIALIZED_AUTOS = YES_AGGRESSIVE;
				GCC_WARN_UNUSED_FUNCTION = YES;
				GCC_WARN_UNUSED_VARIABLE = YES;
				IPHONEOS_DEPLOYMENT_TARGET = 16.4;
				MTL_ENABLE_DEBUG_INFO = INCLUDE_SOURCE;
				MTL_FAST_MATH = YES;
				ONLY_ACTIVE_ARCH = YES;
				SDKROOT = iphoneos;
				SWIFT_ACTIVE_COMPILATION_CONDITIONS = DEBUG;
				SWIFT_OPTIMIZATION_LEVEL = "-Onone";
			};
			name = Debug;
		};
		DE92A0842AA3A32D007A7E46 /* Release */ = {
			isa = XCBuildConfiguration;
			buildSettings = {
				ALWAYS_SEARCH_USER_PATHS = NO;
				CLANG_ANALYZER_LOCALIZABILITY_NONLOCALIZED = YES;
				CLANG_ANALYZER_NONNULL = YES;
				CLANG_ANALYZER_NUMBER_OBJECT_CONVERSION = YES_AGGRESSIVE;
				CLANG_CXX_LANGUAGE_STANDARD = "gnu++20";
				CLANG_ENABLE_MODULES = YES;
				CLANG_ENABLE_OBJC_ARC = YES;
				CLANG_ENABLE_OBJC_WEAK = YES;
				CLANG_WARN_BLOCK_CAPTURE_AUTORELEASING = YES;
				CLANG_WARN_BOOL_CONVERSION = YES;
				CLANG_WARN_COMMA = YES;
				CLANG_WARN_CONSTANT_CONVERSION = YES;
				CLANG_WARN_DEPRECATED_OBJC_IMPLEMENTATIONS = YES;
				CLANG_WARN_DIRECT_OBJC_ISA_USAGE = YES_ERROR;
				CLANG_WARN_DOCUMENTATION_COMMENTS = YES;
				CLANG_WARN_EMPTY_BODY = YES;
				CLANG_WARN_ENUM_CONVERSION = YES;
				CLANG_WARN_INFINITE_RECURSION = YES;
				CLANG_WARN_INT_CONVERSION = YES;
				CLANG_WARN_NON_LITERAL_NULL_CONVERSION = YES;
				CLANG_WARN_OBJC_IMPLICIT_RETAIN_SELF = YES;
				CLANG_WARN_OBJC_LITERAL_CONVERSION = YES;
				CLANG_WARN_OBJC_ROOT_CLASS = YES_ERROR;
				CLANG_WARN_QUOTED_INCLUDE_IN_FRAMEWORK_HEADER = YES;
				CLANG_WARN_RANGE_LOOP_ANALYSIS = YES;
				CLANG_WARN_STRICT_PROTOTYPES = YES;
				CLANG_WARN_SUSPICIOUS_MOVE = YES;
				CLANG_WARN_UNGUARDED_AVAILABILITY = YES_AGGRESSIVE;
				CLANG_WARN_UNREACHABLE_CODE = YES;
				CLANG_WARN__DUPLICATE_METHOD_MATCH = YES;
				COPY_PHASE_STRIP = NO;
				DEBUG_INFORMATION_FORMAT = "dwarf-with-dsym";
				ENABLE_NS_ASSERTIONS = NO;
				ENABLE_STRICT_OBJC_MSGSEND = YES;
				GCC_C_LANGUAGE_STANDARD = gnu11;
				GCC_NO_COMMON_BLOCKS = YES;
				GCC_WARN_64_TO_32_BIT_CONVERSION = YES;
				GCC_WARN_ABOUT_RETURN_TYPE = YES_ERROR;
				GCC_WARN_UNDECLARED_SELECTOR = YES;
				GCC_WARN_UNINITIALIZED_AUTOS = YES_AGGRESSIVE;
				GCC_WARN_UNUSED_FUNCTION = YES;
				GCC_WARN_UNUSED_VARIABLE = YES;
				IPHONEOS_DEPLOYMENT_TARGET = 16.4;
				MTL_ENABLE_DEBUG_INFO = NO;
				MTL_FAST_MATH = YES;
				SDKROOT = iphoneos;
				SWIFT_COMPILATION_MODE = wholemodule;
				SWIFT_OPTIMIZATION_LEVEL = "-O";
				VALIDATE_PRODUCT = YES;
			};
			name = Release;
		};
		DE92A0862AA3A32D007A7E46 /* Debug */ = {
			isa = XCBuildConfiguration;
			buildSettings = {
				ASSETCATALOG_COMPILER_APPICON_NAME = AppIcon;
				ASSETCATALOG_COMPILER_GLOBAL_ACCENT_COLOR_NAME = AccentColor;
				CODE_SIGN_STYLE = Automatic;
				CURRENT_PROJECT_VERSION = 1;
				GENERATE_INFOPLIST_FILE = YES;
				INFOPLIST_FILE = Unroll/Info.plist;
				INFOPLIST_KEY_UIApplicationSupportsIndirectInputEvents = YES;
				INFOPLIST_KEY_UILaunchStoryboardName = LaunchScreen;
				INFOPLIST_KEY_UIMainStoryboardFile = "";
				INFOPLIST_KEY_UISupportedInterfaceOrientations_iPad = "UIInterfaceOrientationPortrait UIInterfaceOrientationPortraitUpsideDown UIInterfaceOrientationLandscapeLeft UIInterfaceOrientationLandscapeRight";
				INFOPLIST_KEY_UISupportedInterfaceOrientations_iPhone = "UIInterfaceOrientationPortrait UIInterfaceOrientationLandscapeLeft UIInterfaceOrientationLandscapeRight";
				LD_RUNPATH_SEARCH_PATHS = (
					"$(inherited)",
					"@executable_path/Frameworks",
				);
				MARKETING_VERSION = 1.0;
				PRODUCT_BUNDLE_IDENTIFIER = com.gabrielgarcia.Unroll;
				PRODUCT_NAME = "$(TARGET_NAME)";
				SWIFT_EMIT_LOC_STRINGS = YES;
				SWIFT_VERSION = 5.0;
				TARGETED_DEVICE_FAMILY = "1,2";
			};
			name = Debug;
		};
		DE92A0872AA3A32D007A7E46 /* Release */ = {
			isa = XCBuildConfiguration;
			buildSettings = {
				ASSETCATALOG_COMPILER_APPICON_NAME = AppIcon;
				ASSETCATALOG_COMPILER_GLOBAL_ACCENT_COLOR_NAME = AccentColor;
				CODE_SIGN_STYLE = Automatic;
				CURRENT_PROJECT_VERSION = 1;
				GENERATE_INFOPLIST_FILE = YES;
				INFOPLIST_FILE = Unroll/Info.plist;
				INFOPLIST_KEY_UIApplicationSupportsIndirectInputEvents = YES;
				INFOPLIST_KEY_UILaunchStoryboardName = LaunchScreen;
				INFOPLIST_KEY_UIMainStoryboardFile = "";
				INFOPLIST_KEY_UISupportedInterfaceOrientations_iPad = "UIInterfaceOrientationPortrait UIInterfaceOrientationPortraitUpsideDown UIInterfaceOrientationLandscapeLeft UIInterfaceOrientationLandscapeRight";
				INFOPLIST_KEY_UISupportedInterfaceOrientations_iPhone = "UIInterfaceOrientationPortrait UIInterfaceOrientationLandscapeLeft UIInterfaceOrientationLandscapeRight";
				LD_RUNPATH_SEARCH_PATHS = (
					"$(inherited)",
					"@executable_path/Frameworks",
				);
				MARKETING_VERSION = 1.0;
				PRODUCT_BUNDLE_IDENTIFIER = com.gabrielgarcia.Unroll;
				PRODUCT_NAME = "$(TARGET_NAME)";
				SWIFT_EMIT_LOC_STRINGS = YES;
				SWIFT_VERSION = 5.0;
				TARGETED_DEVICE_FAMILY = "1,2";
			};
			name = Release;
		};
/* End XCBuildConfiguration section */

/* Begin XCConfigurationList section */
		DE0597762ABF201D007E6A62 /* Build configuration list for PBXNativeTarget "UnrollTests" */ = {
			isa = XCConfigurationList;
			buildConfigurations = (
				DE0597772ABF201D007E6A62 /* Debug */,
				DE0597782ABF201D007E6A62 /* Release */,
			);
			defaultConfigurationIsVisible = 0;
			defaultConfigurationName = Release;
		};
		DE92A06C2AA3A32C007A7E46 /* Build configuration list for PBXProject "Unroll" */ = {
			isa = XCConfigurationList;
			buildConfigurations = (
				DE92A0832AA3A32D007A7E46 /* Debug */,
				DE92A0842AA3A32D007A7E46 /* Release */,
			);
			defaultConfigurationIsVisible = 0;
			defaultConfigurationName = Release;
		};
		DE92A0852AA3A32D007A7E46 /* Build configuration list for PBXNativeTarget "Unroll" */ = {
			isa = XCConfigurationList;
			buildConfigurations = (
				DE92A0862AA3A32D007A7E46 /* Debug */,
				DE92A0872AA3A32D007A7E46 /* Release */,
			);
			defaultConfigurationIsVisible = 0;
			defaultConfigurationName = Release;
		};
/* End XCConfigurationList section */
	};
	rootObject = DE92A0692AA3A32C007A7E46 /* Project object */;
}
