// !$*UTF8*$!
{
	archiveVersion = 1;
	classes = {
	};
	objectVersion = 56;
	objects = {

/* Begin PBXBuildFile section */
		DE92A0752AA3A32C007A7E46 /* AppDelegate.swift in Sources */ = {isa = PBXBuildFile; fileRef = DE92A0742AA3A32C007A7E46 /* AppDelegate.swift */; };
		DE92A0772AA3A32C007A7E46 /* SceneDelegate.swift in Sources */ = {isa = PBXBuildFile; fileRef = DE92A0762AA3A32C007A7E46 /* SceneDelegate.swift */; };
		DE92A0792AA3A32C007A7E46 /* HomeViewController.swift in Sources */ = {isa = PBXBuildFile; fileRef = DE92A0782AA3A32C007A7E46 /* HomeViewController.swift */; };
		DE92A07E2AA3A32D007A7E46 /* Assets.xcassets in Resources */ = {isa = PBXBuildFile; fileRef = DE92A07D2AA3A32D007A7E46 /* Assets.xcassets */; };
		DE92A0812AA3A32D007A7E46 /* LaunchScreen.storyboard in Resources */ = {isa = PBXBuildFile; fileRef = DE92A07F2AA3A32D007A7E46 /* LaunchScreen.storyboard */; };
		DE92A08E2AA8D99B007A7E46 /* HomeView.swift in Sources */ = {isa = PBXBuildFile; fileRef = DE92A08D2AA8D99B007A7E46 /* HomeView.swift */; };
		DE92A0932AA8F8DD007A7E46 /* BreeSerif-Regular.ttf in Resources */ = {isa = PBXBuildFile; fileRef = DE92A0922AA8F8DD007A7E46 /* BreeSerif-Regular.ttf */; };
		DE92A0952AA8F8EF007A7E46 /* Kanit-Regular.ttf in Resources */ = {isa = PBXBuildFile; fileRef = DE92A0942AA8F8EF007A7E46 /* Kanit-Regular.ttf */; };
		DE92A09C2AAA0D7C007A7E46 /* FilterViewController.swift in Sources */ = {isa = PBXBuildFile; fileRef = DE92A09B2AAA0D7C007A7E46 /* FilterViewController.swift */; };
		DE92A09E2AAA15EB007A7E46 /* FilterView.swift in Sources */ = {isa = PBXBuildFile; fileRef = DE92A09D2AAA15EB007A7E46 /* FilterView.swift */; };
		DE92A0A12AAA373F007A7E46 /* Colors.swift in Sources */ = {isa = PBXBuildFile; fileRef = DE92A0A02AAA373F007A7E46 /* Colors.swift */; };
		DE92A0A42AAA396E007A7E46 /* Fonts.swift in Sources */ = {isa = PBXBuildFile; fileRef = DE92A0A32AAA396E007A7E46 /* Fonts.swift */; };
		DE92A0B72AAA7140007A7E46 /* MovieAPI.swift in Sources */ = {isa = PBXBuildFile; fileRef = DE92A0B62AAA7140007A7E46 /* MovieAPI.swift */; };
		DE92A0C12AAB7520007A7E46 /* GenreCollectionViewCell.swift in Sources */ = {isa = PBXBuildFile; fileRef = DE92A0C02AAB7520007A7E46 /* GenreCollectionViewCell.swift */; };
		DE92A0C32AAB7529007A7E46 /* GenreCollectionView.swift in Sources */ = {isa = PBXBuildFile; fileRef = DE92A0C22AAB7529007A7E46 /* GenreCollectionView.swift */; };
		DE92A0C62AAB7618007A7E46 /* Genres.swift in Sources */ = {isa = PBXBuildFile; fileRef = DE92A0C52AAB7618007A7E46 /* Genres.swift */; };
		DE92A0CA2AABBB42007A7E46 /* Keys.swift in Sources */ = {isa = PBXBuildFile; fileRef = DE92A0C92AABBB42007A7E46 /* Keys.swift */; };
		DE92A0CC2AABCC12007A7E46 /* Keys.plist in Resources */ = {isa = PBXBuildFile; fileRef = DE92A0CB2AABCC12007A7E46 /* Keys.plist */; };
		DEB52D192AAF778500F571DD /* Movies.swift in Sources */ = {isa = PBXBuildFile; fileRef = DEB52D182AAF778500F571DD /* Movies.swift */; };
/* End PBXBuildFile section */

/* Begin PBXFileReference section */
		DE92A0712AA3A32C007A7E46 /* Unroll.app */ = {isa = PBXFileReference; explicitFileType = wrapper.application; includeInIndex = 0; path = Unroll.app; sourceTree = BUILT_PRODUCTS_DIR; };
		DE92A0742AA3A32C007A7E46 /* AppDelegate.swift */ = {isa = PBXFileReference; lastKnownFileType = sourcecode.swift; path = AppDelegate.swift; sourceTree = "<group>"; };
		DE92A0762AA3A32C007A7E46 /* SceneDelegate.swift */ = {isa = PBXFileReference; lastKnownFileType = sourcecode.swift; path = SceneDelegate.swift; sourceTree = "<group>"; };
		DE92A0782AA3A32C007A7E46 /* HomeViewController.swift */ = {isa = PBXFileReference; lastKnownFileType = sourcecode.swift; path = HomeViewController.swift; sourceTree = "<group>"; };
		DE92A07D2AA3A32D007A7E46 /* Assets.xcassets */ = {isa = PBXFileReference; lastKnownFileType = folder.assetcatalog; path = Assets.xcassets; sourceTree = "<group>"; };
		DE92A0802AA3A32D007A7E46 /* Base */ = {isa = PBXFileReference; lastKnownFileType = file.storyboard; name = Base; path = Base.lproj/LaunchScreen.storyboard; sourceTree = "<group>"; };
		DE92A0822AA3A32D007A7E46 /* Info.plist */ = {isa = PBXFileReference; lastKnownFileType = text.plist.xml; path = Info.plist; sourceTree = "<group>"; };
		DE92A08D2AA8D99B007A7E46 /* HomeView.swift */ = {isa = PBXFileReference; lastKnownFileType = sourcecode.swift; path = HomeView.swift; sourceTree = "<group>"; };
		DE92A0922AA8F8DD007A7E46 /* BreeSerif-Regular.ttf */ = {isa = PBXFileReference; lastKnownFileType = file; path = "BreeSerif-Regular.ttf"; sourceTree = "<group>"; };
		DE92A0942AA8F8EF007A7E46 /* Kanit-Regular.ttf */ = {isa = PBXFileReference; lastKnownFileType = file; path = "Kanit-Regular.ttf"; sourceTree = "<group>"; };
		DE92A09B2AAA0D7C007A7E46 /* FilterViewController.swift */ = {isa = PBXFileReference; lastKnownFileType = sourcecode.swift; path = FilterViewController.swift; sourceTree = "<group>"; };
		DE92A09D2AAA15EB007A7E46 /* FilterView.swift */ = {isa = PBXFileReference; lastKnownFileType = sourcecode.swift; path = FilterView.swift; sourceTree = "<group>"; };
		DE92A0A02AAA373F007A7E46 /* Colors.swift */ = {isa = PBXFileReference; lastKnownFileType = sourcecode.swift; name = Colors.swift; path = ../../../Unroll/Unroll/Constants/Colors.swift; sourceTree = "<group>"; };
		DE92A0A32AAA396E007A7E46 /* Fonts.swift */ = {isa = PBXFileReference; lastKnownFileType = sourcecode.swift; name = Fonts.swift; path = ../../../Unroll/Unroll/Constants/Fonts.swift; sourceTree = "<group>"; };
		DE92A0B62AAA7140007A7E46 /* MovieAPI.swift */ = {isa = PBXFileReference; lastKnownFileType = sourcecode.swift; name = MovieAPI.swift; path = ../../../Unroll/Unroll/APIs/MovieAPI.swift; sourceTree = "<group>"; };
		DE92A0C02AAB7520007A7E46 /* GenreCollectionViewCell.swift */ = {isa = PBXFileReference; fileEncoding = 4; lastKnownFileType = sourcecode.swift; path = GenreCollectionViewCell.swift; sourceTree = "<group>"; };
		DE92A0C22AAB7529007A7E46 /* GenreCollectionView.swift */ = {isa = PBXFileReference; fileEncoding = 4; lastKnownFileType = sourcecode.swift; path = GenreCollectionView.swift; sourceTree = "<group>"; };
		DE92A0C52AAB7618007A7E46 /* Genres.swift */ = {isa = PBXFileReference; lastKnownFileType = sourcecode.swift; path = Genres.swift; sourceTree = "<group>"; };
		DE92A0C92AABBB42007A7E46 /* Keys.swift */ = {isa = PBXFileReference; lastKnownFileType = sourcecode.swift; path = Keys.swift; sourceTree = "<group>"; };
		DE92A0CB2AABCC12007A7E46 /* Keys.plist */ = {isa = PBXFileReference; lastKnownFileType = text.plist.xml; path = Keys.plist; sourceTree = "<group>"; };
		DEB52D182AAF778500F571DD /* Movies.swift */ = {isa = PBXFileReference; lastKnownFileType = sourcecode.swift; path = Movies.swift; sourceTree = "<group>"; };
/* End PBXFileReference section */

/* Begin PBXFrameworksBuildPhase section */
		DE92A06E2AA3A32C007A7E46 /* Frameworks */ = {
			isa = PBXFrameworksBuildPhase;
			buildActionMask = 2147483647;
			files = (
			);
			runOnlyForDeploymentPostprocessing = 0;
		};
/* End PBXFrameworksBuildPhase section */

/* Begin PBXGroup section */
		DE92A0682AA3A32C007A7E46 = {
			isa = PBXGroup;
			children = (
				DE92A0732AA3A32C007A7E46 /* Unroll */,
				DE92A0722AA3A32C007A7E46 /* Products */,
			);
			sourceTree = "<group>";
		};
		DE92A0722AA3A32C007A7E46 /* Products */ = {
			isa = PBXGroup;
			children = (
				DE92A0712AA3A32C007A7E46 /* Unroll.app */,
			);
			name = Products;
			sourceTree = "<group>";
		};
		DE92A0732AA3A32C007A7E46 /* Unroll */ = {
			isa = PBXGroup;
			children = (
				DE92A0822AA3A32D007A7E46 /* Info.plist */,
				DE92A0CB2AABCC12007A7E46 /* Keys.plist */,
				DE92A07F2AA3A32D007A7E46 /* LaunchScreen.storyboard */,
				DE92A07D2AA3A32D007A7E46 /* Assets.xcassets */,
				DE92A0742AA3A32C007A7E46 /* AppDelegate.swift */,
				DE92A0762AA3A32C007A7E46 /* SceneDelegate.swift */,
				DE92A0902AA8F8A3007A7E46 /* Files */,
				DE92A09F2AAA372F007A7E46 /* Constants */,
				DE92A0A72AAA550A007A7E46 /* APIs */,
				DE92A0C42AAB75FA007A7E46 /* Models */,
				DE92A08A2AA8D87C007A7E46 /* HomeView */,
				DE92A0992AAA0D2B007A7E46 /* FilterView */,
			);
			path = Unroll;
			sourceTree = "<group>";
		};
		DE92A08A2AA8D87C007A7E46 /* HomeView */ = {
			isa = PBXGroup;
			children = (
				DE92A08D2AA8D99B007A7E46 /* HomeView.swift */,
				DE92A0782AA3A32C007A7E46 /* HomeViewController.swift */,
			);
			path = HomeView;
			sourceTree = "<group>";
		};
		DE92A0902AA8F8A3007A7E46 /* Files */ = {
			isa = PBXGroup;
			children = (
				DE92A0912AA8F8AD007A7E46 /* Fonts */,
			);
			path = Files;
			sourceTree = "<group>";
		};
		DE92A0912AA8F8AD007A7E46 /* Fonts */ = {
			isa = PBXGroup;
			children = (
				DE92A0942AA8F8EF007A7E46 /* Kanit-Regular.ttf */,
				DE92A0922AA8F8DD007A7E46 /* BreeSerif-Regular.ttf */,
			);
			path = Fonts;
			sourceTree = "<group>";
		};
		DE92A0992AAA0D2B007A7E46 /* FilterView */ = {
			isa = PBXGroup;
			children = (
				DE92A0B92AAB4ABC007A7E46 /* GenreCollectionView */,
				DE92A09B2AAA0D7C007A7E46 /* FilterViewController.swift */,
				DE92A09D2AAA15EB007A7E46 /* FilterView.swift */,
			);
			path = FilterView;
			sourceTree = "<group>";
		};
		DE92A09F2AAA372F007A7E46 /* Constants */ = {
			isa = PBXGroup;
			children = (
				DE92A0A02AAA373F007A7E46 /* Colors.swift */,
				DE92A0A32AAA396E007A7E46 /* Fonts.swift */,
				DE92A0C92AABBB42007A7E46 /* Keys.swift */,
			);
			path = Constants;
			sourceTree = "<group>";
		};
		DE92A0A72AAA550A007A7E46 /* APIs */ = {
			isa = PBXGroup;
			children = (
				DE92A0B62AAA7140007A7E46 /* MovieAPI.swift */,
			);
			path = APIs;
			sourceTree = "<group>";
		};
		DE92A0B92AAB4ABC007A7E46 /* GenreCollectionView */ = {
			isa = PBXGroup;
			children = (
				DE92A0BD2AAB4DA8007A7E46 /* Cell */,
				DE92A0C22AAB7529007A7E46 /* GenreCollectionView.swift */,
			);
			path = GenreCollectionView;
			sourceTree = "<group>";
		};
		DE92A0BD2AAB4DA8007A7E46 /* Cell */ = {
			isa = PBXGroup;
			children = (
				DE92A0C02AAB7520007A7E46 /* GenreCollectionViewCell.swift */,
			);
			path = Cell;
			sourceTree = "<group>";
		};
		DE92A0C42AAB75FA007A7E46 /* Models */ = {
			isa = PBXGroup;
			children = (
				DE92A0C52AAB7618007A7E46 /* Genres.swift */,
				DEB52D182AAF778500F571DD /* Movies.swift */,
			);
			path = Models;
			sourceTree = "<group>";
		};
/* End PBXGroup section */

/* Begin PBXNativeTarget section */
		DE92A0702AA3A32C007A7E46 /* Unroll */ = {
			isa = PBXNativeTarget;
			buildConfigurationList = DE92A0852AA3A32D007A7E46 /* Build configuration list for PBXNativeTarget "Unroll" */;
			buildPhases = (
				DE92A06D2AA3A32C007A7E46 /* Sources */,
				DE92A06E2AA3A32C007A7E46 /* Frameworks */,
				DE92A06F2AA3A32C007A7E46 /* Resources */,
			);
			buildRules = (
			);
			dependencies = (
			);
			name = Unroll;
			productName = Filmro;
			productReference = DE92A0712AA3A32C007A7E46 /* Unroll.app */;
			productType = "com.apple.product-type.application";
		};
/* End PBXNativeTarget section */

/* Begin PBXProject section */
		DE92A0692AA3A32C007A7E46 /* Project object */ = {
			isa = PBXProject;
			attributes = {
				BuildIndependentTargetsInParallel = 1;
				LastSwiftUpdateCheck = 1430;
				LastUpgradeCheck = 1430;
				TargetAttributes = {
					DE92A0702AA3A32C007A7E46 = {
						CreatedOnToolsVersion = 14.3.1;
					};
				};
			};
			buildConfigurationList = DE92A06C2AA3A32C007A7E46 /* Build configuration list for PBXProject "Unroll" */;
			compatibilityVersion = "Xcode 14.0";
			developmentRegion = en;
			hasScannedForEncodings = 0;
			knownRegions = (
				en,
				Base,
			);
			mainGroup = DE92A0682AA3A32C007A7E46;
			productRefGroup = DE92A0722AA3A32C007A7E46 /* Products */;
			projectDirPath = "";
			projectRoot = "";
			targets = (
				DE92A0702AA3A32C007A7E46 /* Unroll */,
			);
		};
/* End PBXProject section */

/* Begin PBXResourcesBuildPhase section */
		DE92A06F2AA3A32C007A7E46 /* Resources */ = {
			isa = PBXResourcesBuildPhase;
			buildActionMask = 2147483647;
			files = (
				DE92A0812AA3A32D007A7E46 /* LaunchScreen.storyboard in Resources */,
				DE92A0932AA8F8DD007A7E46 /* BreeSerif-Regular.ttf in Resources */,
				DE92A07E2AA3A32D007A7E46 /* Assets.xcassets in Resources */,
				DE92A0952AA8F8EF007A7E46 /* Kanit-Regular.ttf in Resources */,
				DE92A0CC2AABCC12007A7E46 /* Keys.plist in Resources */,
			);
			runOnlyForDeploymentPostprocessing = 0;
		};
/* End PBXResourcesBuildPhase section */

/* Begin PBXSourcesBuildPhase section */
		DE92A06D2AA3A32C007A7E46 /* Sources */ = {
			isa = PBXSourcesBuildPhase;
			buildActionMask = 2147483647;
			files = (
				DEB52D192AAF778500F571DD /* Movies.swift in Sources */,
				DE92A0A42AAA396E007A7E46 /* Fonts.swift in Sources */,
				DE92A0792AA3A32C007A7E46 /* HomeViewController.swift in Sources */,
				DE92A0C12AAB7520007A7E46 /* GenreCollectionViewCell.swift in Sources */,
				DE92A0C62AAB7618007A7E46 /* Genres.swift in Sources */,
				DE92A0CA2AABBB42007A7E46 /* Keys.swift in Sources */,
				DE92A08E2AA8D99B007A7E46 /* HomeView.swift in Sources */,
				DE92A0C32AAB7529007A7E46 /* GenreCollectionView.swift in Sources */,
				DE92A0752AA3A32C007A7E46 /* AppDelegate.swift in Sources */,
				DE92A0A12AAA373F007A7E46 /* Colors.swift in Sources */,
				DE92A0772AA3A32C007A7E46 /* SceneDelegate.swift in Sources */,
				DE92A0B72AAA7140007A7E46 /* MovieAPI.swift in Sources */,
				DE92A09E2AAA15EB007A7E46 /* FilterView.swift in Sources */,
				DE92A09C2AAA0D7C007A7E46 /* FilterViewController.swift in Sources */,
			);
			runOnlyForDeploymentPostprocessing = 0;
		};
/* End PBXSourcesBuildPhase section */

/* Begin PBXVariantGroup section */
		DE92A07F2AA3A32D007A7E46 /* LaunchScreen.storyboard */ = {
			isa = PBXVariantGroup;
			children = (
				DE92A0802AA3A32D007A7E46 /* Base */,
			);
			name = LaunchScreen.storyboard;
			sourceTree = "<group>";
		};
/* End PBXVariantGroup section */

/* Begin XCBuildConfiguration section */
		DE92A0832AA3A32D007A7E46 /* Debug */ = {
			isa = XCBuildConfiguration;
			buildSettings = {
				ALWAYS_SEARCH_USER_PATHS = NO;
				CLANG_ANALYZER_NONNULL = YES;
				CLANG_ANALYZER_NUMBER_OBJECT_CONVERSION = YES_AGGRESSIVE;
				CLANG_CXX_LANGUAGE_STANDARD = "gnu++20";
				CLANG_ENABLE_MODULES = YES;
				CLANG_ENABLE_OBJC_ARC = YES;
				CLANG_ENABLE_OBJC_WEAK = YES;
				CLANG_WARN_BLOCK_CAPTURE_AUTORELEASING = YES;
				CLANG_WARN_BOOL_CONVERSION = YES;
				CLANG_WARN_COMMA = YES;
				CLANG_WARN_CONSTANT_CONVERSION = YES;
				CLANG_WARN_DEPRECATED_OBJC_IMPLEMENTATIONS = YES;
				CLANG_WARN_DIRECT_OBJC_ISA_USAGE = YES_ERROR;
				CLANG_WARN_DOCUMENTATION_COMMENTS = YES;
				CLANG_WARN_EMPTY_BODY = YES;
				CLANG_WARN_ENUM_CONVERSION = YES;
				CLANG_WARN_INFINITE_RECURSION = YES;
				CLANG_WARN_INT_CONVERSION = YES;
				CLANG_WARN_NON_LITERAL_NULL_CONVERSION = YES;
				CLANG_WARN_OBJC_IMPLICIT_RETAIN_SELF = YES;
				CLANG_WARN_OBJC_LITERAL_CONVERSION = YES;
				CLANG_WARN_OBJC_ROOT_CLASS = YES_ERROR;
				CLANG_WARN_QUOTED_INCLUDE_IN_FRAMEWORK_HEADER = YES;
				CLANG_WARN_RANGE_LOOP_ANALYSIS = YES;
				CLANG_WARN_STRICT_PROTOTYPES = YES;
				CLANG_WARN_SUSPICIOUS_MOVE = YES;
				CLANG_WARN_UNGUARDED_AVAILABILITY = YES_AGGRESSIVE;
				CLANG_WARN_UNREACHABLE_CODE = YES;
				CLANG_WARN__DUPLICATE_METHOD_MATCH = YES;
				COPY_PHASE_STRIP = NO;
				DEBUG_INFORMATION_FORMAT = dwarf;
				ENABLE_STRICT_OBJC_MSGSEND = YES;
				ENABLE_TESTABILITY = YES;
				GCC_C_LANGUAGE_STANDARD = gnu11;
				GCC_DYNAMIC_NO_PIC = NO;
				GCC_NO_COMMON_BLOCKS = YES;
				GCC_OPTIMIZATION_LEVEL = 0;
				GCC_PREPROCESSOR_DEFINITIONS = (
					"DEBUG=1",
					"$(inherited)",
				);
				GCC_WARN_64_TO_32_BIT_CONVERSION = YES;
				GCC_WARN_ABOUT_RETURN_TYPE = YES_ERROR;
				GCC_WARN_UNDECLARED_SELECTOR = YES;
				GCC_WARN_UNINITIALIZED_AUTOS = YES_AGGRESSIVE;
				GCC_WARN_UNUSED_FUNCTION = YES;
				GCC_WARN_UNUSED_VARIABLE = YES;
				IPHONEOS_DEPLOYMENT_TARGET = 16.4;
				MTL_ENABLE_DEBUG_INFO = INCLUDE_SOURCE;
				MTL_FAST_MATH = YES;
				ONLY_ACTIVE_ARCH = YES;
				SDKROOT = iphoneos;
				SWIFT_ACTIVE_COMPILATION_CONDITIONS = DEBUG;
				SWIFT_OPTIMIZATION_LEVEL = "-Onone";
			};
			name = Debug;
		};
		DE92A0842AA3A32D007A7E46 /* Release */ = {
			isa = XCBuildConfiguration;
			buildSettings = {
				ALWAYS_SEARCH_USER_PATHS = NO;
				CLANG_ANALYZER_NONNULL = YES;
				CLANG_ANALYZER_NUMBER_OBJECT_CONVERSION = YES_AGGRESSIVE;
				CLANG_CXX_LANGUAGE_STANDARD = "gnu++20";
				CLANG_ENABLE_MODULES = YES;
				CLANG_ENABLE_OBJC_ARC = YES;
				CLANG_ENABLE_OBJC_WEAK = YES;
				CLANG_WARN_BLOCK_CAPTURE_AUTORELEASING = YES;
				CLANG_WARN_BOOL_CONVERSION = YES;
				CLANG_WARN_COMMA = YES;
				CLANG_WARN_CONSTANT_CONVERSION = YES;
				CLANG_WARN_DEPRECATED_OBJC_IMPLEMENTATIONS = YES;
				CLANG_WARN_DIRECT_OBJC_ISA_USAGE = YES_ERROR;
				CLANG_WARN_DOCUMENTATION_COMMENTS = YES;
				CLANG_WARN_EMPTY_BODY = YES;
				CLANG_WARN_ENUM_CONVERSION = YES;
				CLANG_WARN_INFINITE_RECURSION = YES;
				CLANG_WARN_INT_CONVERSION = YES;
				CLANG_WARN_NON_LITERAL_NULL_CONVERSION = YES;
				CLANG_WARN_OBJC_IMPLICIT_RETAIN_SELF = YES;
				CLANG_WARN_OBJC_LITERAL_CONVERSION = YES;
				CLANG_WARN_OBJC_ROOT_CLASS = YES_ERROR;
				CLANG_WARN_QUOTED_INCLUDE_IN_FRAMEWORK_HEADER = YES;
				CLANG_WARN_RANGE_LOOP_ANALYSIS = YES;
				CLANG_WARN_STRICT_PROTOTYPES = YES;
				CLANG_WARN_SUSPICIOUS_MOVE = YES;
				CLANG_WARN_UNGUARDED_AVAILABILITY = YES_AGGRESSIVE;
				CLANG_WARN_UNREACHABLE_CODE = YES;
				CLANG_WARN__DUPLICATE_METHOD_MATCH = YES;
				COPY_PHASE_STRIP = NO;
				DEBUG_INFORMATION_FORMAT = "dwarf-with-dsym";
				ENABLE_NS_ASSERTIONS = NO;
				ENABLE_STRICT_OBJC_MSGSEND = YES;
				GCC_C_LANGUAGE_STANDARD = gnu11;
				GCC_NO_COMMON_BLOCKS = YES;
				GCC_WARN_64_TO_32_BIT_CONVERSION = YES;
				GCC_WARN_ABOUT_RETURN_TYPE = YES_ERROR;
				GCC_WARN_UNDECLARED_SELECTOR = YES;
				GCC_WARN_UNINITIALIZED_AUTOS = YES_AGGRESSIVE;
				GCC_WARN_UNUSED_FUNCTION = YES;
				GCC_WARN_UNUSED_VARIABLE = YES;
				IPHONEOS_DEPLOYMENT_TARGET = 16.4;
				MTL_ENABLE_DEBUG_INFO = NO;
				MTL_FAST_MATH = YES;
				SDKROOT = iphoneos;
				SWIFT_COMPILATION_MODE = wholemodule;
				SWIFT_OPTIMIZATION_LEVEL = "-O";
				VALIDATE_PRODUCT = YES;
			};
			name = Release;
		};
		DE92A0862AA3A32D007A7E46 /* Debug */ = {
			isa = XCBuildConfiguration;
			buildSettings = {
				ASSETCATALOG_COMPILER_APPICON_NAME = AppIcon;
				ASSETCATALOG_COMPILER_GLOBAL_ACCENT_COLOR_NAME = AccentColor;
				CODE_SIGN_STYLE = Automatic;
				CURRENT_PROJECT_VERSION = 1;
				GENERATE_INFOPLIST_FILE = YES;
				INFOPLIST_FILE = Unroll/Info.plist;
				INFOPLIST_KEY_UIApplicationSupportsIndirectInputEvents = YES;
				INFOPLIST_KEY_UILaunchStoryboardName = LaunchScreen;
				INFOPLIST_KEY_UIMainStoryboardFile = "";
				INFOPLIST_KEY_UISupportedInterfaceOrientations_iPad = "UIInterfaceOrientationPortrait UIInterfaceOrientationPortraitUpsideDown UIInterfaceOrientationLandscapeLeft UIInterfaceOrientationLandscapeRight";
				INFOPLIST_KEY_UISupportedInterfaceOrientations_iPhone = "UIInterfaceOrientationPortrait UIInterfaceOrientationLandscapeLeft UIInterfaceOrientationLandscapeRight";
				LD_RUNPATH_SEARCH_PATHS = (
					"$(inherited)",
					"@executable_path/Frameworks",
				);
				MARKETING_VERSION = 1.0;
				PRODUCT_BUNDLE_IDENTIFIER = com.gabrielgarcia.Unroll;
				PRODUCT_NAME = "$(TARGET_NAME)";
				SWIFT_EMIT_LOC_STRINGS = YES;
				SWIFT_VERSION = 5.0;
				TARGETED_DEVICE_FAMILY = "1,2";
			};
			name = Debug;
		};
		DE92A0872AA3A32D007A7E46 /* Release */ = {
			isa = XCBuildConfiguration;
			buildSettings = {
				ASSETCATALOG_COMPILER_APPICON_NAME = AppIcon;
				ASSETCATALOG_COMPILER_GLOBAL_ACCENT_COLOR_NAME = AccentColor;
				CODE_SIGN_STYLE = Automatic;
				CURRENT_PROJECT_VERSION = 1;
				GENERATE_INFOPLIST_FILE = YES;
				INFOPLIST_FILE = Unroll/Info.plist;
				INFOPLIST_KEY_UIApplicationSupportsIndirectInputEvents = YES;
				INFOPLIST_KEY_UILaunchStoryboardName = LaunchScreen;
				INFOPLIST_KEY_UIMainStoryboardFile = "";
				INFOPLIST_KEY_UISupportedInterfaceOrientations_iPad = "UIInterfaceOrientationPortrait UIInterfaceOrientationPortraitUpsideDown UIInterfaceOrientationLandscapeLeft UIInterfaceOrientationLandscapeRight";
				INFOPLIST_KEY_UISupportedInterfaceOrientations_iPhone = "UIInterfaceOrientationPortrait UIInterfaceOrientationLandscapeLeft UIInterfaceOrientationLandscapeRight";
				LD_RUNPATH_SEARCH_PATHS = (
					"$(inherited)",
					"@executable_path/Frameworks",
				);
				MARKETING_VERSION = 1.0;
				PRODUCT_BUNDLE_IDENTIFIER = com.gabrielgarcia.Unroll;
				PRODUCT_NAME = "$(TARGET_NAME)";
				SWIFT_EMIT_LOC_STRINGS = YES;
				SWIFT_VERSION = 5.0;
				TARGETED_DEVICE_FAMILY = "1,2";
			};
			name = Release;
		};
/* End XCBuildConfiguration section */

/* Begin XCConfigurationList section */
		DE92A06C2AA3A32C007A7E46 /* Build configuration list for PBXProject "Unroll" */ = {
			isa = XCConfigurationList;
			buildConfigurations = (
				DE92A0832AA3A32D007A7E46 /* Debug */,
				DE92A0842AA3A32D007A7E46 /* Release */,
			);
			defaultConfigurationIsVisible = 0;
			defaultConfigurationName = Release;
		};
		DE92A0852AA3A32D007A7E46 /* Build configuration list for PBXNativeTarget "Unroll" */ = {
			isa = XCConfigurationList;
			buildConfigurations = (
				DE92A0862AA3A32D007A7E46 /* Debug */,
				DE92A0872AA3A32D007A7E46 /* Release */,
			);
			defaultConfigurationIsVisible = 0;
			defaultConfigurationName = Release;
		};
/* End XCConfigurationList section */
	};
	rootObject = DE92A0692AA3A32C007A7E46 /* Project object */;
}
